
Microsoft Visual Studio Solution File, Format Version 12.00
Project("{FAE04EC0-301F-11D3-BF4B-00C04F79EFBC}") = "TaskTrackerApp", "TaskTrackerApp\TaskTrackerApp.csproj", "{F18D959B-FD3E-4E5A-B8A2-84D73F26F8EB}"
EndProject
Global
	GlobalSection(SolutionConfigurationPlatforms) = preSolution
		Debug|Any CPU = Debug|Any CPU
		Release|Any CPU = Release|Any CPU
	EndGlobalSection
	GlobalSection(ProjectConfigurationPlatforms) = postSolution
		{F18D959B-FD3E-4E5A-B8A2-84D73F26F8EB}.Debug|Any CPU.ActiveCfg = Debug|Any CPU
		{F18D959B-FD3E-4E5A-B8A2-84D73F26F8EB}.Debug|Any CPU.Build.0 = Debug|Any CPU
		{F18D959B-FD3E-4E5A-B8A2-84D73F26F8EB}.Release|Any CPU.ActiveCfg = Release|Any CPU
		{F18D959B-FD3E-4E5A-B8A2-84D73F26F8EB}.Release|Any CPU.Build.0 = Release|Any CPU
	EndGlobalSection
EndGlobal
